
Microsoft Visual Studio Solution File, Format Version 12.00
# Visual Studio Version 16
VisualStudioVersion = 16.0.30320.27
MinimumVisualStudioVersion = 10.0.40219.1
Project("{9A19103F-16F7-4668-BE54-9A1E7A4F7556}") = "WebApp", "WebApp\WebApp.csproj", "{5F08182B-1138-44B9-A72D-A662EB90A9DB}"
EndProject
Project("{9A19103F-16F7-4668-BE54-9A1E7A4F7556}") = "WebJobDemo", "WebJobDemo\WebJobDemo.csproj", "{5F650CFB-323D-454D-AD93-406D636798B3}"
EndProject
Project("{FAE04EC0-301F-11D3-BF4B-00C04F79EFBC}") = "ClassLibrary.Modules", "ClassLibrary.Modules\ClassLibrary.Modules.csproj", "{54B72439-1C41-42E3-B937-AD5D83CD92CA}"
EndProject
Global
	GlobalSection(SolutionConfigurationPlatforms) = preSolution
		Debug|Any CPU = Debug|Any CPU
		Release|Any CPU = Release|Any CPU
	EndGlobalSection
	GlobalSection(ProjectConfigurationPlatforms) = postSolution
		{5F08182B-1138-44B9-A72D-A662EB90A9DB}.Debug|Any CPU.ActiveCfg = Debug|Any CPU
		{5F08182B-1138-44B9-A72D-A662EB90A9DB}.Debug|Any CPU.Build.0 = Debug|Any CPU
		{5F08182B-1138-44B9-A72D-A662EB90A9DB}.Release|Any CPU.ActiveCfg = Release|Any CPU
		{5F08182B-1138-44B9-A72D-A662EB90A9DB}.Release|Any CPU.Build.0 = Release|Any CPU
		{5F650CFB-323D-454D-AD93-406D636798B3}.Debug|Any CPU.ActiveCfg = Debug|Any CPU
		{5F650CFB-323D-454D-AD93-406D636798B3}.Debug|Any CPU.Build.0 = Debug|Any CPU
		{5F650CFB-323D-454D-AD93-406D636798B3}.Release|Any CPU.ActiveCfg = Release|Any CPU
		{5F650CFB-323D-454D-AD93-406D636798B3}.Release|Any CPU.Build.0 = Release|Any CPU
		{54B72439-1C41-42E3-B937-AD5D83CD92CA}.Debug|Any CPU.ActiveCfg = Debug|Any CPU
		{54B72439-1C41-42E3-B937-AD5D83CD92CA}.Debug|Any CPU.Build.0 = Debug|Any CPU
		{54B72439-1C41-42E3-B937-AD5D83CD92CA}.Release|Any CPU.ActiveCfg = Release|Any CPU
		{54B72439-1C41-42E3-B937-AD5D83CD92CA}.Release|Any CPU.Build.0 = Release|Any CPU
	EndGlobalSection
	GlobalSection(SolutionProperties) = preSolution
		HideSolutionNode = FALSE
	EndGlobalSection
	GlobalSection(ExtensibilityGlobals) = postSolution
		SolutionGuid = {4859BF76-647D-4140-8D22-BAD43D153031}
	EndGlobalSection
EndGlobal
