
Microsoft Visual Studio Solution File, Format Version 12.00
# Visual Studio 15
VisualStudioVersion = 15.0.28307.1062
MinimumVisualStudioVersion = 10.0.40219.1
Project("{FAE04EC0-301F-11D3-BF4B-00C04F79EFBC}") = "ServiceBusGettingStartedFromPluralSight", "ServiceBusGettingStartedFromPluralSight\ServiceBusGettingStartedFromPluralSight.csproj", "{69A9D7D9-401B-4CBB-B33F-2D27CB23B47E}"
EndProject
Global
	GlobalSection(SolutionConfigurationPlatforms) = preSolution
		Debug|Any CPU = Debug|Any CPU
		Debug|x64 = Debug|x64
		Debug|x86 = Debug|x86
		Release|Any CPU = Release|Any CPU
		Release|x64 = Release|x64
		Release|x86 = Release|x86
	EndGlobalSection
	GlobalSection(ProjectConfigurationPlatforms) = postSolution
		{69A9D7D9-401B-4CBB-B33F-2D27CB23B47E}.Debug|Any CPU.ActiveCfg = Debug|Any CPU
		{69A9D7D9-401B-4CBB-B33F-2D27CB23B47E}.Debug|Any CPU.Build.0 = Debug|Any CPU
		{69A9D7D9-401B-4CBB-B33F-2D27CB23B47E}.Debug|x64.ActiveCfg = Debug|Any CPU
		{69A9D7D9-401B-4CBB-B33F-2D27CB23B47E}.Debug|x64.Build.0 = Debug|Any CPU
		{69A9D7D9-401B-4CBB-B33F-2D27CB23B47E}.Debug|x86.ActiveCfg = Debug|Any CPU
		{69A9D7D9-401B-4CBB-B33F-2D27CB23B47E}.Debug|x86.Build.0 = Debug|Any CPU
		{69A9D7D9-401B-4CBB-B33F-2D27CB23B47E}.Release|Any CPU.ActiveCfg = Release|Any CPU
		{69A9D7D9-401B-4CBB-B33F-2D27CB23B47E}.Release|Any CPU.Build.0 = Release|Any CPU
		{69A9D7D9-401B-4CBB-B33F-2D27CB23B47E}.Release|x64.ActiveCfg = Release|Any CPU
		{69A9D7D9-401B-4CBB-B33F-2D27CB23B47E}.Release|x64.Build.0 = Release|Any CPU
		{69A9D7D9-401B-4CBB-B33F-2D27CB23B47E}.Release|x86.ActiveCfg = Release|Any CPU
		{69A9D7D9-401B-4CBB-B33F-2D27CB23B47E}.Release|x86.Build.0 = Release|Any CPU
	EndGlobalSection
	GlobalSection(SolutionProperties) = preSolution
		HideSolutionNode = FALSE
	EndGlobalSection
	GlobalSection(ExtensibilityGlobals) = postSolution
		SolutionGuid = {F2446A43-6A9A-4D29-B0D4-601A68BD41E6}
	EndGlobalSection
EndGlobal
