
Microsoft Visual Studio Solution File, Format Version 12.00
# Visual Studio Version 16
VisualStudioVersion = 16.0.29920.165
MinimumVisualStudioVersion = 10.0.40219.1
Project("{FAE04EC0-301F-11D3-BF4B-00C04F79EFBC}") = "PacktPub.AzureStorage.Demos", "PacktPub.AzureStorage.Demos\PacktPub.AzureStorage.Demos.csproj", "{445B1DAF-E327-4348-9796-02182B70B65F}"
EndProject
Global
	GlobalSection(SolutionConfigurationPlatforms) = preSolution
		Debug|Any CPU = Debug|Any CPU
		Debug|x64 = Debug|x64
		Debug|x86 = Debug|x86
		Release|Any CPU = Release|Any CPU
		Release|x64 = Release|x64
		Release|x86 = Release|x86
	EndGlobalSection
	GlobalSection(ProjectConfigurationPlatforms) = postSolution
		{445B1DAF-E327-4348-9796-02182B70B65F}.Debug|Any CPU.ActiveCfg = Debug|Any CPU
		{445B1DAF-E327-4348-9796-02182B70B65F}.Debug|Any CPU.Build.0 = Debug|Any CPU
		{445B1DAF-E327-4348-9796-02182B70B65F}.Debug|x64.ActiveCfg = Debug|Any CPU
		{445B1DAF-E327-4348-9796-02182B70B65F}.Debug|x64.Build.0 = Debug|Any CPU
		{445B1DAF-E327-4348-9796-02182B70B65F}.Debug|x86.ActiveCfg = Debug|Any CPU
		{445B1DAF-E327-4348-9796-02182B70B65F}.Debug|x86.Build.0 = Debug|Any CPU
		{445B1DAF-E327-4348-9796-02182B70B65F}.Release|Any CPU.ActiveCfg = Release|Any CPU
		{445B1DAF-E327-4348-9796-02182B70B65F}.Release|Any CPU.Build.0 = Release|Any CPU
		{445B1DAF-E327-4348-9796-02182B70B65F}.Release|x64.ActiveCfg = Release|Any CPU
		{445B1DAF-E327-4348-9796-02182B70B65F}.Release|x64.Build.0 = Release|Any CPU
		{445B1DAF-E327-4348-9796-02182B70B65F}.Release|x86.ActiveCfg = Release|Any CPU
		{445B1DAF-E327-4348-9796-02182B70B65F}.Release|x86.Build.0 = Release|Any CPU
	EndGlobalSection
	GlobalSection(SolutionProperties) = preSolution
		HideSolutionNode = FALSE
	EndGlobalSection
	GlobalSection(ExtensibilityGlobals) = postSolution
		SolutionGuid = {6B752752-AF24-439C-BE6F-0AA6961AD246}
	EndGlobalSection
EndGlobal
